
Microsoft Visual Studio Solution File, Format Version 12.00
# Visual Studio Version 16
VisualStudioVersion = 16.0.31112.23
MinimumVisualStudioVersion = 10.0.40219.1
Project("{9A19103F-16F7-4668-BE54-9A1E7A4F7556}") = "GameX", "GameX.csproj", "{DF2D3DB2-5D4A-40CF-96C8-97EFC7EFDCEC}"
	ProjectSection(ProjectDependencies) = postProject
		{80684987-0F46-4ACD-ADE7-23E6EA6603F6} = {80684987-0F46-4ACD-ADE7-23E6EA6603F6}
	EndProjectSection
EndProject
Project("{9A19103F-16F7-4668-BE54-9A1E7A4F7556}") = "Nez", "..\Nez\Nez.Portable\Nez.csproj", "{80684987-0F46-4ACD-ADE7-23E6EA6603F6}"
EndProject
Global
	GlobalSection(SolutionConfigurationPlatforms) = preSolution
		Debug|Any CPU = Debug|Any CPU
		Release|Any CPU = Release|Any CPU
	EndGlobalSection
	GlobalSection(ProjectConfigurationPlatforms) = postSolution
		{DF2D3DB2-5D4A-40CF-96C8-97EFC7EFDCEC}.Debug|Any CPU.ActiveCfg = Debug|Any CPU
		{DF2D3DB2-5D4A-40CF-96C8-97EFC7EFDCEC}.Debug|Any CPU.Build.0 = Debug|Any CPU
		{DF2D3DB2-5D4A-40CF-96C8-97EFC7EFDCEC}.Release|Any CPU.ActiveCfg = Release|Any CPU
		{DF2D3DB2-5D4A-40CF-96C8-97EFC7EFDCEC}.Release|Any CPU.Build.0 = Release|Any CPU
		{80684987-0F46-4ACD-ADE7-23E6EA6603F6}.Debug|Any CPU.ActiveCfg = Debug|Any CPU
		{80684987-0F46-4ACD-ADE7-23E6EA6603F6}.Debug|Any CPU.Build.0 = Debug|Any CPU
		{80684987-0F46-4ACD-ADE7-23E6EA6603F6}.Release|Any CPU.ActiveCfg = Release|Any CPU
		{80684987-0F46-4ACD-ADE7-23E6EA6603F6}.Release|Any CPU.Build.0 = Release|Any CPU
	EndGlobalSection
	GlobalSection(SolutionProperties) = preSolution
		HideSolutionNode = FALSE
	EndGlobalSection
	GlobalSection(ExtensibilityGlobals) = postSolution
		SolutionGuid = {7DDF4C30-DECD-43FB-B134-4895DA115E8E}
	EndGlobalSection
EndGlobal
